
Microsoft Visual Studio Solution File, Format Version 12.00
# Visual Studio Version 17
VisualStudioVersion = 17.5.33627.172
MinimumVisualStudioVersion = 10.0.40219.1
Project("{888888A0-9F3D-457C-B088-3A5042F75D52}") = "PythonPrint", "PythonPrint\PythonPrint.pyproj", "{73877118-4209-42F2-BA1E-3D826687B2E4}"
EndProject
Global
	GlobalSection(SolutionConfigurationPlatforms) = preSolution
		Debug|Any CPU = Debug|Any CPU
		Release|Any CPU = Release|Any CPU
	EndGlobalSection
	GlobalSection(ProjectConfigurationPlatforms) = postSolution
		{73877118-4209-42F2-BA1E-3D826687B2E4}.Debug|Any CPU.ActiveCfg = Debug|Any CPU
		{73877118-4209-42F2-BA1E-3D826687B2E4}.Release|Any CPU.ActiveCfg = Release|Any CPU
	EndGlobalSection
	GlobalSection(SolutionProperties) = preSolution
		HideSolutionNode = FALSE
	EndGlobalSection
	GlobalSection(ExtensibilityGlobals) = postSolution
		SolutionGuid = {2FA59213-BDB7-4706-888D-FFCBD649D8E4}
	EndGlobalSection
EndGlobal
